{
  "name": "plugin_system_backend",
  "version": "1.0.0",
  "lockfileVersion": 3,
  "requires": true,
  "packages": {
    "": {
      "name": "plugin_system_backend",
      "version": "1.0.0",
      "license": "ISC",
      "dependencies": {
        "cryptify": "^4.1.2",
        "crypto-js": "^4.2.0"
      }
    },
    "node_modules/commander": {
      "version": "5.1.0",
      "resolved": "https://registry.npmjs.org/commander/-/commander-5.1.0.tgz",
      "integrity": "sha512-P0CysNDQ7rtVw4QIQtm+MRxV66vKFSvlsQvGYXZWR3qFU0jlMKHZZZgw8e+8DSah4UDKMqnknRDQz+xuQXQ/Zg==",
      "engines": {
        "node": ">= 6"
      }
    },
    "node_modules/cryptify": {
      "version": "4.1.2",
      "resolved": "https://registry.npmjs.org/cryptify/-/cryptify-4.1.2.tgz",
      "integrity": "sha512-+fF5aEEvWl//B5dDPyI6GaJssBRXq5yu6EaOqzIKsX/B4dFJJJt9o71MiptEA1TYkhE8/yFnzIVCsTEggJhTFA==",
      "dependencies": {
        "commander": "^5.0.0"
      },
      "bin": {
        "cryptify": "cli.js"
      },
      "engines": {
        "node": ">= 10.0.0",
        "npm": ">= 6.0.0"
      }
    },
    "node_modules/crypto-js": {
      "version": "4.2.0",
      "resolved": "https://registry.npmjs.org/crypto-js/-/crypto-js-4.2.0.tgz",
      "integrity": "sha512-KALDyEYgpY+Rlob/iriUtjV6d5Eq+Y191A5g4UqLAi8CyGP9N1+FdVbkc1SxKc2r4YAYqG8JzO2KGL+AizD70Q=="
    }
  }
}
